
Microsoft Visual Studio Solution File, Format Version 12.00
# Visual Studio Version 17
VisualStudioVersion = 17.4.33122.133
MinimumVisualStudioVersion = 10.0.40219.1
Project("{FAE04EC0-301F-11D3-BF4B-00C04F79EFBC}") = "MTTPP", "MTTPP\MTTPP.csproj", "{84F209BC-B0C2-4BEB-9A31-7BC2792D67D1}"
EndProject
Global
	GlobalSection(SolutionConfigurationPlatforms) = preSolution
		Debug|Any CPU = Debug|Any CPU
		Release|Any CPU = Release|Any CPU
	EndGlobalSection
	GlobalSection(ProjectConfigurationPlatforms) = postSolution
		{84F209BC-B0C2-4BEB-9A31-7BC2792D67D1}.Debug|Any CPU.ActiveCfg = Debug|Any CPU
		{84F209BC-B0C2-4BEB-9A31-7BC2792D67D1}.Debug|Any CPU.Build.0 = Debug|Any CPU
		{84F209BC-B0C2-4BEB-9A31-7BC2792D67D1}.Release|Any CPU.ActiveCfg = Release|Any CPU
		{84F209BC-B0C2-4BEB-9A31-7BC2792D67D1}.Release|Any CPU.Build.0 = Release|Any CPU
	EndGlobalSection
	GlobalSection(SolutionProperties) = preSolution
		HideSolutionNode = FALSE
	EndGlobalSection
	GlobalSection(ExtensibilityGlobals) = postSolution
		SolutionGuid = {808B92B5-7E3D-4AF4-BB2E-1210EAF18B07}
	EndGlobalSection
EndGlobal
